
Microsoft Visual Studio Solution File, Format Version 12.00
# Visual Studio Version 17
VisualStudioVersion = 17.6.33801.468
MinimumVisualStudioVersion = 10.0.40219.1
Project("{FAE04EC0-301F-11D3-BF4B-00C04F79EFBC}") = "PetHealthCenter", "PetHealthCenter\PetHealthCenter.csproj", "{01CB6517-3AEB-4071-A160-A0A9CBF05DF2}"
EndProject
Global
	GlobalSection(SolutionConfigurationPlatforms) = preSolution
		Debug|Any CPU = Debug|Any CPU
		Release|Any CPU = Release|Any CPU
	EndGlobalSection
	GlobalSection(ProjectConfigurationPlatforms) = postSolution
		{01CB6517-3AEB-4071-A160-A0A9CBF05DF2}.Debug|Any CPU.ActiveCfg = Debug|Any CPU
		{01CB6517-3AEB-4071-A160-A0A9CBF05DF2}.Debug|Any CPU.Build.0 = Debug|Any CPU
		{01CB6517-3AEB-4071-A160-A0A9CBF05DF2}.Release|Any CPU.ActiveCfg = Release|Any CPU
		{01CB6517-3AEB-4071-A160-A0A9CBF05DF2}.Release|Any CPU.Build.0 = Release|Any CPU
	EndGlobalSection
	GlobalSection(SolutionProperties) = preSolution
		HideSolutionNode = FALSE
	EndGlobalSection
	GlobalSection(ExtensibilityGlobals) = postSolution
		SolutionGuid = {97282C55-D08F-4FE2-AB0E-357869A51FAB}
	EndGlobalSection
EndGlobal
